
Microsoft Visual Studio Solution File, Format Version 12.00
# Visual Studio 2012
Project("{FAE04EC0-301F-11D3-BF4B-00C04F79EFBC}") = "ThriftSharp.Samples", "ThriftSharp.Samples\ThriftSharp.Samples.csproj", "{827DEBFD-2A1B-421A-91EF-7896D1B3F080}"
EndProject
Project("{FAE04EC0-301F-11D3-BF4B-00C04F79EFBC}") = "ThriftSharp", "ThriftSharp\ThriftSharp.csproj", "{D1275E05-4238-447E-B6AB-F7301AA6CD2E}"
EndProject
Project("{FAE04EC0-301F-11D3-BF4B-00C04F79EFBC}") = "ThriftSharp.Extensions", "ThriftSharp.Extensions\ThriftSharp.Extensions.csproj", "{7B5349A9-5CE4-432D-A32B-F870867649A0}"
EndProject
Global
	GlobalSection(SolutionConfigurationPlatforms) = preSolution
		Debug|Any CPU = Debug|Any CPU
		Release|Any CPU = Release|Any CPU
	EndGlobalSection
	GlobalSection(ProjectConfigurationPlatforms) = postSolution
		{827DEBFD-2A1B-421A-91EF-7896D1B3F080}.Debug|Any CPU.ActiveCfg = Debug|Any CPU
		{827DEBFD-2A1B-421A-91EF-7896D1B3F080}.Debug|Any CPU.Build.0 = Debug|Any CPU
		{827DEBFD-2A1B-421A-91EF-7896D1B3F080}.Release|Any CPU.ActiveCfg = Release|Any CPU
		{827DEBFD-2A1B-421A-91EF-7896D1B3F080}.Release|Any CPU.Build.0 = Release|Any CPU
		{D1275E05-4238-447E-B6AB-F7301AA6CD2E}.Debug|Any CPU.ActiveCfg = Debug|Any CPU
		{D1275E05-4238-447E-B6AB-F7301AA6CD2E}.Debug|Any CPU.Build.0 = Debug|Any CPU
		{D1275E05-4238-447E-B6AB-F7301AA6CD2E}.Release|Any CPU.ActiveCfg = Release|Any CPU
		{D1275E05-4238-447E-B6AB-F7301AA6CD2E}.Release|Any CPU.Build.0 = Release|Any CPU
		{7B5349A9-5CE4-432D-A32B-F870867649A0}.Debug|Any CPU.ActiveCfg = Debug|Any CPU
		{7B5349A9-5CE4-432D-A32B-F870867649A0}.Debug|Any CPU.Build.0 = Debug|Any CPU
		{7B5349A9-5CE4-432D-A32B-F870867649A0}.Release|Any CPU.ActiveCfg = Release|Any CPU
		{7B5349A9-5CE4-432D-A32B-F870867649A0}.Release|Any CPU.Build.0 = Release|Any CPU
	EndGlobalSection
	GlobalSection(SolutionProperties) = preSolution
		HideSolutionNode = FALSE
	EndGlobalSection
EndGlobal
